
Microsoft Visual Studio Solution File, Format Version 12.00
# Visual Studio 14
VisualStudioVersion = 14.0.23107.0
MinimumVisualStudioVersion = 10.0.40219.1
Project("{FAE04EC0-301F-11D3-BF4B-00C04F79EFBC}") = "TestApplication", "TestApplication\TestApplication.csproj", "{816BBC20-9BE6-409C-BBD3-0CC2B2C6B22B}"
EndProject
Global
	GlobalSection(SolutionConfigurationPlatforms) = preSolution
		Debug|Any CPU = Debug|Any CPU
		Release|Any CPU = Release|Any CPU
	EndGlobalSection
	GlobalSection(ProjectConfigurationPlatforms) = postSolution
		{816BBC20-9BE6-409C-BBD3-0CC2B2C6B22B}.Debug|Any CPU.ActiveCfg = Debug|Any CPU
		{816BBC20-9BE6-409C-BBD3-0CC2B2C6B22B}.Debug|Any CPU.Build.0 = Debug|Any CPU
		{816BBC20-9BE6-409C-BBD3-0CC2B2C6B22B}.Release|Any CPU.ActiveCfg = Release|Any CPU
		{816BBC20-9BE6-409C-BBD3-0CC2B2C6B22B}.Release|Any CPU.Build.0 = Release|Any CPU
	EndGlobalSection
	GlobalSection(SolutionProperties) = preSolution
		HideSolutionNode = FALSE
	EndGlobalSection
EndGlobal
